# This file is autogenerated, do not edit; changes may be undone by the next 'dep ensure'.


[[projects]]
  branch = "master"
  name = "github.com/ShevaXu/golang"
  packages = ["web"]
  revision = "017e8d9b076756d79bd443fd14b5253ad98e22f7"

[[projects]]
  name = "github.com/pkg/errors"
  packages = ["."]
  revision = "645ef00459ed84a119197bfb8d8205042c6df63d"
  version = "v0.8.0"

[solve-meta]
  analyzer-name = "dep"
  analyzer-version = 1
  inputs-digest = "d1b54514a40adeb646eccf1f97637743a8b9272e76b5d334c3237e81109fad54"
  solver-name = "gps-cdcl"
  solver-version = 1
